
Microsoft Visual Studio Solution File, Format Version 12.00
# Visual Studio Version 17
VisualStudioVersion = 17.0.32112.339
MinimumVisualStudioVersion = 10.0.40219.1
Project("{FAE04EC0-301F-11D3-BF4B-00C04F79EFBC}") = "2048WinFormsApp", "2048WinFormsApp\2048WinFormsApp.csproj", "{44250494-9670-4F8D-829B-FA768D1AC567}"
EndProject
Global
	GlobalSection(SolutionConfigurationPlatforms) = preSolution
		Debug|Any CPU = Debug|Any CPU
		Release|Any CPU = Release|Any CPU
	EndGlobalSection
	GlobalSection(ProjectConfigurationPlatforms) = postSolution
		{44250494-9670-4F8D-829B-FA768D1AC567}.Debug|Any CPU.ActiveCfg = Debug|Any CPU
		{44250494-9670-4F8D-829B-FA768D1AC567}.Debug|Any CPU.Build.0 = Debug|Any CPU
		{44250494-9670-4F8D-829B-FA768D1AC567}.Release|Any CPU.ActiveCfg = Release|Any CPU
		{44250494-9670-4F8D-829B-FA768D1AC567}.Release|Any CPU.Build.0 = Release|Any CPU
	EndGlobalSection
	GlobalSection(SolutionProperties) = preSolution
		HideSolutionNode = FALSE
	EndGlobalSection
	GlobalSection(ExtensibilityGlobals) = postSolution
		SolutionGuid = {33AB1DD4-9634-4F4C-B58F-0C99FB09419A}
	EndGlobalSection
EndGlobal
